// !$*UTF8*$!
{
	archiveVersion = 1;
	classes = {
	};
	objectVersion = 45;
	objects = {

/* Begin PBXBuildFile section */
		853626611235E65E00476D16 /* ConvoCode.cpp in Sources */ = {isa = PBXBuildFile; fileRef = 853626601235E65E00476D16 /* ConvoCode.cpp */; };
		8544527512279DDD00BA9182 /* Bit.cpp in Sources */ = {isa = PBXBuildFile; fileRef = 8544527412279DDD00BA9182 /* Bit.cpp */; };
		8565BDD3120C28050081A319 /* mersenne.cpp in Sources */ = {isa = PBXBuildFile; fileRef = 8565BDD0120C28050081A319 /* mersenne.cpp */; };
		8565BDD4120C28050081A319 /* userintf.cpp in Sources */ = {isa = PBXBuildFile; fileRef = 8565BDD2120C28050081A319 /* userintf.cpp */; };
		85E01F93123F2288001ED159 /* LTTest.cpp in Sources */ = {isa = PBXBuildFile; fileRef = 85D061A4122FA19F0094829A /* LTTest.cpp */; };
		85F4E8D912152AD300DA56AC /* Code.cpp in Sources */ = {isa = PBXBuildFile; fileRef = 85F4E8D812152AD300DA56AC /* Code.cpp */; };
		8DD76F6A0486A84900D96B5E /* new_LT.1 in CopyFiles */ = {isa = PBXBuildFile; fileRef = C6859E8B029090EE04C91782 /* new_LT.1 */; };
/* End PBXBuildFile section */

/* Begin PBXCopyFilesBuildPhase section */
		8DD76F690486A84900D96B5E /* CopyFiles */ = {
			isa = PBXCopyFilesBuildPhase;
			buildActionMask = 8;
			dstPath = /usr/share/man/man1/;
			dstSubfolderSpec = 0;
			files = (
				8DD76F6A0486A84900D96B5E /* new_LT.1 in CopyFiles */,
			);
			runOnlyForDeploymentPostprocessing = 1;
		};
/* End PBXCopyFilesBuildPhase section */

/* Begin PBXFileReference section */
		08FB7796FE84155DC02AAC07 /* LT_sim_Test.cpp */ = {isa = PBXFileReference; fileEncoding = 4; lastKnownFileType = sourcecode.cpp.cpp; path = LT_sim_Test.cpp; sourceTree = "<group>"; };
		853626601235E65E00476D16 /* ConvoCode.cpp */ = {isa = PBXFileReference; fileEncoding = 4; lastKnownFileType = sourcecode.cpp.cpp; path = ConvoCode.cpp; sourceTree = "<group>"; };
		8544522B1226A22100BA9182 /* BitTest.cpp */ = {isa = PBXFileReference; fileEncoding = 4; lastKnownFileType = sourcecode.cpp.cpp; path = BitTest.cpp; sourceTree = "<group>"; };
		8544527412279DDD00BA9182 /* Bit.cpp */ = {isa = PBXFileReference; fileEncoding = 4; lastKnownFileType = sourcecode.cpp.cpp; path = Bit.cpp; sourceTree = "<group>"; };
		854BD8951225411B006CD78C /* CodeSim.h */ = {isa = PBXFileReference; fileEncoding = 4; lastKnownFileType = sourcecode.c.h; path = CodeSim.h; sourceTree = "<group>"; };
		8565BD1D120C0A0D0081A319 /* LT.h */ = {isa = PBXFileReference; fileEncoding = 4; lastKnownFileType = sourcecode.c.h; path = LT.h; sourceTree = "<group>"; };
		8565BD1E120C0A0D0081A319 /* LT.cpp */ = {isa = PBXFileReference; fileEncoding = 4; lastKnownFileType = sourcecode.cpp.cpp; path = LT.cpp; sourceTree = "<group>"; };
		8565BDD0120C28050081A319 /* mersenne.cpp */ = {isa = PBXFileReference; fileEncoding = 4; lastKnownFileType = sourcecode.cpp.cpp; path = mersenne.cpp; sourceTree = "<group>"; };
		8565BDD1120C28050081A319 /* randomc.h */ = {isa = PBXFileReference; fileEncoding = 4; lastKnownFileType = sourcecode.c.h; path = randomc.h; sourceTree = "<group>"; };
		8565BDD2120C28050081A319 /* userintf.cpp */ = {isa = PBXFileReference; fileEncoding = 4; lastKnownFileType = sourcecode.cpp.cpp; path = userintf.cpp; sourceTree = "<group>"; };
		85B60A531234900700842D09 /* ConvoCode.h */ = {isa = PBXFileReference; fileEncoding = 4; lastKnownFileType = sourcecode.c.h; path = ConvoCode.h; sourceTree = "<group>"; };
		85B60A561234903000842D09 /* ConvoCodeTest.cpp */ = {isa = PBXFileReference; fileEncoding = 4; lastKnownFileType = sourcecode.cpp.cpp; path = ConvoCodeTest.cpp; sourceTree = "<group>"; };
		85BD043D122A86A800EFCF85 /* PermutatorTest.cpp */ = {isa = PBXFileReference; fileEncoding = 4; lastKnownFileType = sourcecode.cpp.cpp; path = PermutatorTest.cpp; sourceTree = "<group>"; };
		85D061A4122FA19F0094829A /* LTTest.cpp */ = {isa = PBXFileReference; fileEncoding = 4; lastKnownFileType = sourcecode.cpp.cpp; path = LTTest.cpp; sourceTree = "<group>"; };
		85D061AA122FAC2F0094829A /* LTCode.h */ = {isa = PBXFileReference; fileEncoding = 4; lastKnownFileType = sourcecode.c.h; path = LTCode.h; sourceTree = "<group>"; };
		85F4E8C712151B0900DA56AC /* README */ = {isa = PBXFileReference; fileEncoding = 4; lastKnownFileType = text; path = README; sourceTree = "<group>"; };
		85F4E8D812152AD300DA56AC /* Code.cpp */ = {isa = PBXFileReference; fileEncoding = 4; lastKnownFileType = sourcecode.cpp.cpp; path = Code.cpp; sourceTree = "<group>"; };
		8DD76F6C0486A84900D96B5E /* new_LT */ = {isa = PBXFileReference; explicitFileType = "compiled.mach-o.executable"; includeInIndex = 0; path = new_LT; sourceTree = BUILT_PRODUCTS_DIR; };
		C6859E8B029090EE04C91782 /* new_LT.1 */ = {isa = PBXFileReference; lastKnownFileType = text.man; path = new_LT.1; sourceTree = "<group>"; };
/* End PBXFileReference section */

/* Begin PBXFrameworksBuildPhase section */
		8DD76F660486A84900D96B5E /* Frameworks */ = {
			isa = PBXFrameworksBuildPhase;
			buildActionMask = 2147483647;
			files = (
			);
			runOnlyForDeploymentPostprocessing = 0;
		};
/* End PBXFrameworksBuildPhase section */

/* Begin PBXGroup section */
		08FB7794FE84155DC02AAC07 /* new_LT */ = {
			isa = PBXGroup;
			children = (
				08FB7795FE84155DC02AAC07 /* Source */,
				C6859E8C029090F304C91782 /* Documentation */,
				1AB674ADFE9D54B511CA2CBB /* Products */,
			);
			name = new_LT;
			sourceTree = "<group>";
		};
		08FB7795FE84155DC02AAC07 /* Source */ = {
			isa = PBXGroup;
			children = (
				852554B1122A500600EFDDAF /* CodeSim */,
				8544522E1226A25300BA9182 /* Tests */,
				85BD042C122A860E00EFCF85 /* Random */,
			);
			name = Source;
			sourceTree = "<group>";
		};
		1AB674ADFE9D54B511CA2CBB /* Products */ = {
			isa = PBXGroup;
			children = (
				8DD76F6C0486A84900D96B5E /* new_LT */,
			);
			name = Products;
			sourceTree = "<group>";
		};
		852554B1122A500600EFDDAF /* CodeSim */ = {
			isa = PBXGroup;
			children = (
				8565BD1E120C0A0D0081A319 /* LT.cpp */,
				8565BD1D120C0A0D0081A319 /* LT.h */,
				854BD8951225411B006CD78C /* CodeSim.h */,
				8544527412279DDD00BA9182 /* Bit.cpp */,
				85F4E8D812152AD300DA56AC /* Code.cpp */,
				85D061AA122FAC2F0094829A /* LTCode.h */,
				85B60A531234900700842D09 /* ConvoCode.h */,
				853626601235E65E00476D16 /* ConvoCode.cpp */,
			);
			name = CodeSim;
			sourceTree = "<group>";
		};
		8544522E1226A25300BA9182 /* Tests */ = {
			isa = PBXGroup;
			children = (
				08FB7796FE84155DC02AAC07 /* LT_sim_Test.cpp */,
				8544522B1226A22100BA9182 /* BitTest.cpp */,
				85BD043D122A86A800EFCF85 /* PermutatorTest.cpp */,
				85D061A4122FA19F0094829A /* LTTest.cpp */,
				85B60A561234903000842D09 /* ConvoCodeTest.cpp */,
			);
			name = Tests;
			sourceTree = "<group>";
		};
		85BD042C122A860E00EFCF85 /* Random */ = {
			isa = PBXGroup;
			children = (
				8565BDD0120C28050081A319 /* mersenne.cpp */,
				8565BDD1120C28050081A319 /* randomc.h */,
				8565BDD2120C28050081A319 /* userintf.cpp */,
			);
			name = Random;
			sourceTree = "<group>";
		};
		C6859E8C029090F304C91782 /* Documentation */ = {
			isa = PBXGroup;
			children = (
				C6859E8B029090EE04C91782 /* new_LT.1 */,
				85F4E8C712151B0900DA56AC /* README */,
			);
			name = Documentation;
			sourceTree = "<group>";
		};
/* End PBXGroup section */

/* Begin PBXNativeTarget section */
		8DD76F620486A84900D96B5E /* new_LT */ = {
			isa = PBXNativeTarget;
			buildConfigurationList = 1DEB923108733DC60010E9CD /* Build configuration list for PBXNativeTarget "new_LT" */;
			buildPhases = (
				8DD76F640486A84900D96B5E /* Sources */,
				8DD76F660486A84900D96B5E /* Frameworks */,
				8DD76F690486A84900D96B5E /* CopyFiles */,
			);
			buildRules = (
			);
			dependencies = (
			);
			name = new_LT;
			productInstallPath = "$(HOME)/bin";
			productName = new_LT;
			productReference = 8DD76F6C0486A84900D96B5E /* new_LT */;
			productType = "com.apple.product-type.tool";
		};
/* End PBXNativeTarget section */

/* Begin PBXProject section */
		08FB7793FE84155DC02AAC07 /* Project object */ = {
			isa = PBXProject;
			buildConfigurationList = 1DEB923508733DC60010E9CD /* Build configuration list for PBXProject "new_LT" */;
			compatibilityVersion = "Xcode 3.1";
			hasScannedForEncodings = 1;
			mainGroup = 08FB7794FE84155DC02AAC07 /* new_LT */;
			projectDirPath = "";
			projectRoot = "";
			targets = (
				8DD76F620486A84900D96B5E /* new_LT */,
			);
		};
/* End PBXProject section */

/* Begin PBXSourcesBuildPhase section */
		8DD76F640486A84900D96B5E /* Sources */ = {
			isa = PBXSourcesBuildPhase;
			buildActionMask = 2147483647;
			files = (
				8565BDD3120C28050081A319 /* mersenne.cpp in Sources */,
				8565BDD4120C28050081A319 /* userintf.cpp in Sources */,
				85F4E8D912152AD300DA56AC /* Code.cpp in Sources */,
				8544527512279DDD00BA9182 /* Bit.cpp in Sources */,
				853626611235E65E00476D16 /* ConvoCode.cpp in Sources */,
				85E01F93123F2288001ED159 /* LTTest.cpp in Sources */,
			);
			runOnlyForDeploymentPostprocessing = 0;
		};
/* End PBXSourcesBuildPhase section */

/* Begin XCBuildConfiguration section */
		1DEB923208733DC60010E9CD /* Debug */ = {
			isa = XCBuildConfiguration;
			buildSettings = {
				ALWAYS_SEARCH_USER_PATHS = NO;
				COPY_PHASE_STRIP = NO;
				GCC_DYNAMIC_NO_PIC = NO;
				GCC_ENABLE_FIX_AND_CONTINUE = YES;
				GCC_MODEL_TUNING = G5;
				GCC_OPTIMIZATION_LEVEL = 0;
				INSTALL_PATH = /usr/local/bin;
				PRODUCT_NAME = new_LT;
			};
			name = Debug;
		};
		1DEB923308733DC60010E9CD /* Release */ = {
			isa = XCBuildConfiguration;
			buildSettings = {
				ALWAYS_SEARCH_USER_PATHS = NO;
				DEBUG_INFORMATION_FORMAT = "dwarf-with-dsym";
				GCC_MODEL_TUNING = G5;
				INSTALL_PATH = /usr/local/bin;
				PRODUCT_NAME = new_LT;
			};
			name = Release;
		};
		1DEB923608733DC60010E9CD /* Debug */ = {
			isa = XCBuildConfiguration;
			buildSettings = {
				ARCHS = "$(ARCHS_STANDARD_32_64_BIT)";
				GCC_C_LANGUAGE_STANDARD = gnu99;
				GCC_OPTIMIZATION_LEVEL = 0;
				GCC_WARN_ABOUT_RETURN_TYPE = YES;
				GCC_WARN_UNUSED_VARIABLE = YES;
				ONLY_ACTIVE_ARCH = YES;
				PREBINDING = NO;
				SDKROOT = macosx10.6;
			};
			name = Debug;
		};
		1DEB923708733DC60010E9CD /* Release */ = {
			isa = XCBuildConfiguration;
			buildSettings = {
				ARCHS = "$(ARCHS_STANDARD_32_64_BIT)";
				GCC_C_LANGUAGE_STANDARD = gnu99;
				GCC_WARN_ABOUT_RETURN_TYPE = YES;
				GCC_WARN_UNUSED_VARIABLE = YES;
				PREBINDING = NO;
				SDKROOT = macosx10.6;
			};
			name = Release;
		};
/* End XCBuildConfiguration section */

/* Begin XCConfigurationList section */
		1DEB923108733DC60010E9CD /* Build configuration list for PBXNativeTarget "new_LT" */ = {
			isa = XCConfigurationList;
			buildConfigurations = (
				1DEB923208733DC60010E9CD /* Debug */,
				1DEB923308733DC60010E9CD /* Release */,
			);
			defaultConfigurationIsVisible = 0;
			defaultConfigurationName = Release;
		};
		1DEB923508733DC60010E9CD /* Build configuration list for PBXProject "new_LT" */ = {
			isa = XCConfigurationList;
			buildConfigurations = (
				1DEB923608733DC60010E9CD /* Debug */,
				1DEB923708733DC60010E9CD /* Release */,
			);
			defaultConfigurationIsVisible = 0;
			defaultConfigurationName = Release;
		};
/* End XCConfigurationList section */
	};
	rootObject = 08FB7793FE84155DC02AAC07 /* Project object */;
}
